
Microsoft Visual Studio Solution File, Format Version 12.00
# Visual Studio Version 17
VisualStudioVersion = 17.3.32901.215
MinimumVisualStudioVersion = 10.0.40219.1
Project("{FAE04EC0-301F-11D3-BF4B-00C04F79EFBC}") = "roeiProjectWpf", "roeiProjectWpf\roeiProjectWpf.csproj", "{86811BE8-EA14-488D-AD22-62DFBC060FF2}"
EndProject
Global
	GlobalSection(SolutionConfigurationPlatforms) = preSolution
		Debug|Any CPU = Debug|Any CPU
		Release|Any CPU = Release|Any CPU
	EndGlobalSection
	GlobalSection(ProjectConfigurationPlatforms) = postSolution
		{86811BE8-EA14-488D-AD22-62DFBC060FF2}.Debug|Any CPU.ActiveCfg = Debug|Any CPU
		{86811BE8-EA14-488D-AD22-62DFBC060FF2}.Debug|Any CPU.Build.0 = Debug|Any CPU
		{86811BE8-EA14-488D-AD22-62DFBC060FF2}.Release|Any CPU.ActiveCfg = Release|Any CPU
		{86811BE8-EA14-488D-AD22-62DFBC060FF2}.Release|Any CPU.Build.0 = Release|Any CPU
	EndGlobalSection
	GlobalSection(SolutionProperties) = preSolution
		HideSolutionNode = FALSE
	EndGlobalSection
	GlobalSection(ExtensibilityGlobals) = postSolution
		SolutionGuid = {EA3AA045-8C5C-4ED6-8394-FA41B1129387}
	EndGlobalSection
EndGlobal
